
Microsoft Visual Studio Solution File, Format Version 12.00
Project("{FAE04EC0-301F-11D3-BF4B-00C04F79EFBC}") = "DynamicSQL", "DynamicSQL\DynamicSQL.csproj", "{D84BB367-B57A-4FE5-9B6B-3582B802E16F}"
EndProject
Project("{FAE04EC0-301F-11D3-BF4B-00C04F79EFBC}") = "DynamicSQL.Sample", "DynamicSQL.Sample\DynamicSQL.Sample.csproj", "{89733AAA-8052-4BA4-8C1D-8277DD55B763}"
EndProject
Project("{2150E333-8FDC-42A3-9474-1A3956D46DE8}") = "Deploy", "Deploy", "{3730C89E-9A34-4AE1-8C15-92FDD1EE1BBB}"
	ProjectSection(SolutionItems) = preProject
		.github\workflows\build.yml = .github\workflows\build.yml
		.github\workflows\publish.yml = .github\workflows\publish.yml
	EndProjectSection
EndProject
Project("{FAE04EC0-301F-11D3-BF4B-00C04F79EFBC}") = "DynamicSQL.Tests", "DynamicSQL.Tests\DynamicSQL.Tests.csproj", "{0E04DEC4-EE1C-46DF-9E01-AC311F5EA9EE}"
EndProject
Project("{FAE04EC0-301F-11D3-BF4B-00C04F79EFBC}") = "DynamicSQL.Benchmark", "DynamicSQL.Benchmark\DynamicSQL.Benchmark.csproj", "{53BA8FDB-2FED-47A8-BE85-458FC671C3EC}"
EndProject
Project("{FAE04EC0-301F-11D3-BF4B-00C04F79EFBC}") = "DynamicSQL.SQLiteSample", "DynamicSQL.SQLiteSample\DynamicSQL.SQLiteSample.csproj", "{32DF31BB-F4DA-4537-B244-92770CBAF74D}"
EndProject
Project("{2150E333-8FDC-42A3-9474-1A3956D46DE8}") = "Samples", "Samples", "{061C3559-4835-411E-99BA-494824C020EC}"
EndProject
Project("{2150E333-8FDC-42A3-9474-1A3956D46DE8}") = "Library", "Library", "{188A08BF-0A3C-490A-882A-C3D6E9B6E8D7}"
EndProject
Project("{2150E333-8FDC-42A3-9474-1A3956D46DE8}") = "Tests", "Tests", "{7937D35C-F12B-439D-9711-3F3F626D8975}"
EndProject
Global
	GlobalSection(SolutionConfigurationPlatforms) = preSolution
		Debug|Any CPU = Debug|Any CPU
		Release|Any CPU = Release|Any CPU
	EndGlobalSection
	GlobalSection(ProjectConfigurationPlatforms) = postSolution
		{D84BB367-B57A-4FE5-9B6B-3582B802E16F}.Debug|Any CPU.ActiveCfg = Debug|Any CPU
		{D84BB367-B57A-4FE5-9B6B-3582B802E16F}.Debug|Any CPU.Build.0 = Debug|Any CPU
		{D84BB367-B57A-4FE5-9B6B-3582B802E16F}.Release|Any CPU.ActiveCfg = Release|Any CPU
		{D84BB367-B57A-4FE5-9B6B-3582B802E16F}.Release|Any CPU.Build.0 = Release|Any CPU
		{89733AAA-8052-4BA4-8C1D-8277DD55B763}.Debug|Any CPU.ActiveCfg = Debug|Any CPU
		{89733AAA-8052-4BA4-8C1D-8277DD55B763}.Debug|Any CPU.Build.0 = Debug|Any CPU
		{89733AAA-8052-4BA4-8C1D-8277DD55B763}.Release|Any CPU.ActiveCfg = Release|Any CPU
		{89733AAA-8052-4BA4-8C1D-8277DD55B763}.Release|Any CPU.Build.0 = Release|Any CPU
		{0E04DEC4-EE1C-46DF-9E01-AC311F5EA9EE}.Debug|Any CPU.ActiveCfg = Debug|Any CPU
		{0E04DEC4-EE1C-46DF-9E01-AC311F5EA9EE}.Debug|Any CPU.Build.0 = Debug|Any CPU
		{0E04DEC4-EE1C-46DF-9E01-AC311F5EA9EE}.Release|Any CPU.ActiveCfg = Release|Any CPU
		{0E04DEC4-EE1C-46DF-9E01-AC311F5EA9EE}.Release|Any CPU.Build.0 = Release|Any CPU
		{53BA8FDB-2FED-47A8-BE85-458FC671C3EC}.Debug|Any CPU.ActiveCfg = Debug|Any CPU
		{53BA8FDB-2FED-47A8-BE85-458FC671C3EC}.Debug|Any CPU.Build.0 = Debug|Any CPU
		{53BA8FDB-2FED-47A8-BE85-458FC671C3EC}.Release|Any CPU.ActiveCfg = Release|Any CPU
		{53BA8FDB-2FED-47A8-BE85-458FC671C3EC}.Release|Any CPU.Build.0 = Release|Any CPU
		{32DF31BB-F4DA-4537-B244-92770CBAF74D}.Debug|Any CPU.ActiveCfg = Debug|Any CPU
		{32DF31BB-F4DA-4537-B244-92770CBAF74D}.Debug|Any CPU.Build.0 = Debug|Any CPU
		{32DF31BB-F4DA-4537-B244-92770CBAF74D}.Release|Any CPU.ActiveCfg = Release|Any CPU
		{32DF31BB-F4DA-4537-B244-92770CBAF74D}.Release|Any CPU.Build.0 = Release|Any CPU
	EndGlobalSection
	GlobalSection(NestedProjects) = preSolution
		{32DF31BB-F4DA-4537-B244-92770CBAF74D} = {061C3559-4835-411E-99BA-494824C020EC}
		{89733AAA-8052-4BA4-8C1D-8277DD55B763} = {061C3559-4835-411E-99BA-494824C020EC}
		{D84BB367-B57A-4FE5-9B6B-3582B802E16F} = {188A08BF-0A3C-490A-882A-C3D6E9B6E8D7}
		{53BA8FDB-2FED-47A8-BE85-458FC671C3EC} = {7937D35C-F12B-439D-9711-3F3F626D8975}
		{0E04DEC4-EE1C-46DF-9E01-AC311F5EA9EE} = {7937D35C-F12B-439D-9711-3F3F626D8975}
	EndGlobalSection
EndGlobal
